// !$*UTF8*$!
{
	archiveVersion = 1;
	classes = {
	};
	objectVersion = 50;
	objects = {

/* Begin PBXBuildFile section */
		91BF09E6215A11B30043BFB4 /* main.cpp in Sources */ = {isa = PBXBuildFile; fileRef = 91BF09E5215A11B30043BFB4 /* main.cpp */; };
		91BF09FF215A2A7D0043BFB4 /* md5.cpp in Sources */ = {isa = PBXBuildFile; fileRef = 91BF09F9215A2A7D0043BFB4 /* md5.cpp */; };
		91BF0A00215A2A7D0043BFB4 /* block.cpp in Sources */ = {isa = PBXBuildFile; fileRef = 91BF09FA215A2A7D0043BFB4 /* block.cpp */; };
		91BF0A01215A2A7D0043BFB4 /* chain.cpp in Sources */ = {isa = PBXBuildFile; fileRef = 91BF09FD215A2A7D0043BFB4 /* chain.cpp */; };
/* End PBXBuildFile section */

/* Begin PBXCopyFilesBuildPhase section */
		91BF09E0215A11B30043BFB4 /* CopyFiles */ = {
			isa = PBXCopyFilesBuildPhase;
			buildActionMask = 2147483647;
			dstPath = /usr/share/man/man1/;
			dstSubfolderSpec = 0;
			files = (
			);
			runOnlyForDeploymentPostprocessing = 1;
		};
/* End PBXCopyFilesBuildPhase section */

/* Begin PBXFileReference section */
		91BF09E2215A11B30043BFB4 /* BlockChain */ = {isa = PBXFileReference; explicitFileType = "compiled.mach-o.executable"; includeInIndex = 0; path = BlockChain; sourceTree = BUILT_PRODUCTS_DIR; };
		91BF09E5215A11B30043BFB4 /* main.cpp */ = {isa = PBXFileReference; lastKnownFileType = sourcecode.cpp.cpp; path = main.cpp; sourceTree = "<group>"; };
		91BF09F9215A2A7D0043BFB4 /* md5.cpp */ = {isa = PBXFileReference; fileEncoding = 4; lastKnownFileType = sourcecode.cpp.cpp; path = md5.cpp; sourceTree = "<group>"; };
		91BF09FA215A2A7D0043BFB4 /* block.cpp */ = {isa = PBXFileReference; fileEncoding = 4; lastKnownFileType = sourcecode.cpp.cpp; path = block.cpp; sourceTree = "<group>"; };
		91BF09FB215A2A7D0043BFB4 /* chain.hpp */ = {isa = PBXFileReference; fileEncoding = 4; lastKnownFileType = sourcecode.cpp.h; path = chain.hpp; sourceTree = "<group>"; };
		91BF09FC215A2A7D0043BFB4 /* block.hpp */ = {isa = PBXFileReference; fileEncoding = 4; lastKnownFileType = sourcecode.cpp.h; path = block.hpp; sourceTree = "<group>"; };
		91BF09FD215A2A7D0043BFB4 /* chain.cpp */ = {isa = PBXFileReference; fileEncoding = 4; lastKnownFileType = sourcecode.cpp.cpp; path = chain.cpp; sourceTree = "<group>"; };
		91BF09FE215A2A7D0043BFB4 /* md5.hpp */ = {isa = PBXFileReference; fileEncoding = 4; lastKnownFileType = sourcecode.cpp.h; path = md5.hpp; sourceTree = "<group>"; };
/* End PBXFileReference section */

/* Begin PBXFrameworksBuildPhase section */
		91BF09DF215A11B30043BFB4 /* Frameworks */ = {
			isa = PBXFrameworksBuildPhase;
			buildActionMask = 2147483647;
			files = (
			);
			runOnlyForDeploymentPostprocessing = 0;
		};
/* End PBXFrameworksBuildPhase section */

/* Begin PBXGroup section */
		91BF09D9215A11B30043BFB4 = {
			isa = PBXGroup;
			children = (
				91BF09E4215A11B30043BFB4 /* BlockChain */,
				91BF09E3215A11B30043BFB4 /* Products */,
			);
			sourceTree = "<group>";
		};
		91BF09E3215A11B30043BFB4 /* Products */ = {
			isa = PBXGroup;
			children = (
				91BF09E2215A11B30043BFB4 /* BlockChain */,
			);
			name = Products;
			sourceTree = "<group>";
		};
		91BF09E4215A11B30043BFB4 /* BlockChain */ = {
			isa = PBXGroup;
			children = (
				91BF09F8215A2A7D0043BFB4 /* blockChain0 */,
				91BF09E5215A11B30043BFB4 /* main.cpp */,
			);
			path = BlockChain;
			sourceTree = "<group>";
		};
		91BF09F8215A2A7D0043BFB4 /* blockChain0 */ = {
			isa = PBXGroup;
			children = (
				91BF09F9215A2A7D0043BFB4 /* md5.cpp */,
				91BF09FA215A2A7D0043BFB4 /* block.cpp */,
				91BF09FB215A2A7D0043BFB4 /* chain.hpp */,
				91BF09FC215A2A7D0043BFB4 /* block.hpp */,
				91BF09FD215A2A7D0043BFB4 /* chain.cpp */,
				91BF09FE215A2A7D0043BFB4 /* md5.hpp */,
			);
			path = blockChain0;
			sourceTree = "<group>";
		};
/* End PBXGroup section */

/* Begin PBXNativeTarget section */
		91BF09E1215A11B30043BFB4 /* BlockChain */ = {
			isa = PBXNativeTarget;
			buildConfigurationList = 91BF09E9215A11B30043BFB4 /* Build configuration list for PBXNativeTarget "BlockChain" */;
			buildPhases = (
				91BF09DE215A11B30043BFB4 /* Sources */,
				91BF09DF215A11B30043BFB4 /* Frameworks */,
				91BF09E0215A11B30043BFB4 /* CopyFiles */,
			);
			buildRules = (
			);
			dependencies = (
			);
			name = BlockChain;
			productName = BlockChain;
			productReference = 91BF09E2215A11B30043BFB4 /* BlockChain */;
			productType = "com.apple.product-type.tool";
		};
/* End PBXNativeTarget section */

/* Begin PBXProject section */
		91BF09DA215A11B30043BFB4 /* Project object */ = {
			isa = PBXProject;
			attributes = {
				LastUpgradeCheck = 0940;
				ORGANIZATIONNAME = "周飞";
				TargetAttributes = {
					91BF09E1215A11B30043BFB4 = {
						CreatedOnToolsVersion = 9.4.1;
					};
				};
			};
			buildConfigurationList = 91BF09DD215A11B30043BFB4 /* Build configuration list for PBXProject "BlockChain" */;
			compatibilityVersion = "Xcode 9.3";
			developmentRegion = en;
			hasScannedForEncodings = 0;
			knownRegions = (
				en,
			);
			mainGroup = 91BF09D9215A11B30043BFB4;
			productRefGroup = 91BF09E3215A11B30043BFB4 /* Products */;
			projectDirPath = "";
			projectRoot = "";
			targets = (
				91BF09E1215A11B30043BFB4 /* BlockChain */,
			);
		};
/* End PBXProject section */

/* Begin PBXSourcesBuildPhase section */
		91BF09DE215A11B30043BFB4 /* Sources */ = {
			isa = PBXSourcesBuildPhase;
			buildActionMask = 2147483647;
			files = (
				91BF09FF215A2A7D0043BFB4 /* md5.cpp in Sources */,
				91BF09E6215A11B30043BFB4 /* main.cpp in Sources */,
				91BF0A01215A2A7D0043BFB4 /* chain.cpp in Sources */,
				91BF0A00215A2A7D0043BFB4 /* block.cpp in Sources */,
			);
			runOnlyForDeploymentPostprocessing = 0;
		};
/* End PBXSourcesBuildPhase section */

/* Begin XCBuildConfiguration section */
		91BF09E7215A11B30043BFB4 /* Debug */ = {
			isa = XCBuildConfiguration;
			buildSettings = {
				ALWAYS_SEARCH_USER_PATHS = NO;
				CLANG_ANALYZER_NONNULL = YES;
				CLANG_ANALYZER_NUMBER_OBJECT_CONVERSION = YES_AGGRESSIVE;
				CLANG_CXX_LANGUAGE_STANDARD = "gnu++14";
				CLANG_CXX_LIBRARY = "libc++";
				CLANG_ENABLE_MODULES = YES;
				CLANG_ENABLE_OBJC_ARC = YES;
				CLANG_ENABLE_OBJC_WEAK = YES;
				CLANG_WARN_BLOCK_CAPTURE_AUTORELEASING = YES;
				CLANG_WARN_BOOL_CONVERSION = YES;
				CLANG_WARN_COMMA = YES;
				CLANG_WARN_CONSTANT_CONVERSION = YES;
				CLANG_WARN_DEPRECATED_OBJC_IMPLEMENTATIONS = YES;
				CLANG_WARN_DIRECT_OBJC_ISA_USAGE = YES_ERROR;
				CLANG_WARN_DOCUMENTATION_COMMENTS = YES;
				CLANG_WARN_EMPTY_BODY = YES;
				CLANG_WARN_ENUM_CONVERSION = YES;
				CLANG_WARN_INFINITE_RECURSION = YES;
				CLANG_WARN_INT_CONVERSION = YES;
				CLANG_WARN_NON_LITERAL_NULL_CONVERSION = YES;
				CLANG_WARN_OBJC_IMPLICIT_RETAIN_SELF = YES;
				CLANG_WARN_OBJC_LITERAL_CONVERSION = YES;
				CLANG_WARN_OBJC_ROOT_CLASS = YES_ERROR;
				CLANG_WARN_RANGE_LOOP_ANALYSIS = YES;
				CLANG_WARN_STRICT_PROTOTYPES = YES;
				CLANG_WARN_SUSPICIOUS_MOVE = YES;
				CLANG_WARN_UNGUARDED_AVAILABILITY = YES_AGGRESSIVE;
				CLANG_WARN_UNREACHABLE_CODE = YES;
				CLANG_WARN__DUPLICATE_METHOD_MATCH = YES;
				CODE_SIGN_IDENTITY = "Mac Developer";
				COPY_PHASE_STRIP = NO;
				DEBUG_INFORMATION_FORMAT = dwarf;
				ENABLE_STRICT_OBJC_MSGSEND = YES;
				ENABLE_TESTABILITY = YES;
				GCC_C_LANGUAGE_STANDARD = gnu11;
				GCC_DYNAMIC_NO_PIC = NO;
				GCC_NO_COMMON_BLOCKS = YES;
				GCC_OPTIMIZATION_LEVEL = 0;
				GCC_PREPROCESSOR_DEFINITIONS = (
					"DEBUG=1",
					"$(inherited)",
				);
				GCC_WARN_64_TO_32_BIT_CONVERSION = YES;
				GCC_WARN_ABOUT_RETURN_TYPE = YES_ERROR;
				GCC_WARN_UNDECLARED_SELECTOR = YES;
				GCC_WARN_UNINITIALIZED_AUTOS = YES_AGGRESSIVE;
				GCC_WARN_UNUSED_FUNCTION = YES;
				GCC_WARN_UNUSED_VARIABLE = YES;
				MACOSX_DEPLOYMENT_TARGET = 10.13;
				MTL_ENABLE_DEBUG_INFO = YES;
				ONLY_ACTIVE_ARCH = YES;
				SDKROOT = macosx;
			};
			name = Debug;
		};
		91BF09E8215A11B30043BFB4 /* Release */ = {
			isa = XCBuildConfiguration;
			buildSettings = {
				ALWAYS_SEARCH_USER_PATHS = NO;
				CLANG_ANALYZER_NONNULL = YES;
				CLANG_ANALYZER_NUMBER_OBJECT_CONVERSION = YES_AGGRESSIVE;
				CLANG_CXX_LANGUAGE_STANDARD = "gnu++14";
				CLANG_CXX_LIBRARY = "libc++";
				CLANG_ENABLE_MODULES = YES;
				CLANG_ENABLE_OBJC_ARC = YES;
				CLANG_ENABLE_OBJC_WEAK = YES;
				CLANG_WARN_BLOCK_CAPTURE_AUTORELEASING = YES;
				CLANG_WARN_BOOL_CONVERSION = YES;
				CLANG_WARN_COMMA = YES;
				CLANG_WARN_CONSTANT_CONVERSION = YES;
				CLANG_WARN_DEPRECATED_OBJC_IMPLEMENTATIONS = YES;
				CLANG_WARN_DIRECT_OBJC_ISA_USAGE = YES_ERROR;
				CLANG_WARN_DOCUMENTATION_COMMENTS = YES;
				CLANG_WARN_EMPTY_BODY = YES;
				CLANG_WARN_ENUM_CONVERSION = YES;
				CLANG_WARN_INFINITE_RECURSION = YES;
				CLANG_WARN_INT_CONVERSION = YES;
				CLANG_WARN_NON_LITERAL_NULL_CONVERSION = YES;
				CLANG_WARN_OBJC_IMPLICIT_RETAIN_SELF = YES;
				CLANG_WARN_OBJC_LITERAL_CONVERSION = YES;
				CLANG_WARN_OBJC_ROOT_CLASS = YES_ERROR;
				CLANG_WARN_RANGE_LOOP_ANALYSIS = YES;
				CLANG_WARN_STRICT_PROTOTYPES = YES;
				CLANG_WARN_SUSPICIOUS_MOVE = YES;
				CLANG_WARN_UNGUARDED_AVAILABILITY = YES_AGGRESSIVE;
				CLANG_WARN_UNREACHABLE_CODE = YES;
				CLANG_WARN__DUPLICATE_METHOD_MATCH = YES;
				CODE_SIGN_IDENTITY = "Mac Developer";
				COPY_PHASE_STRIP = NO;
				DEBUG_INFORMATION_FORMAT = "dwarf-with-dsym";
				ENABLE_NS_ASSERTIONS = NO;
				ENABLE_STRICT_OBJC_MSGSEND = YES;
				GCC_C_LANGUAGE_STANDARD = gnu11;
				GCC_NO_COMMON_BLOCKS = YES;
				GCC_WARN_64_TO_32_BIT_CONVERSION = YES;
				GCC_WARN_ABOUT_RETURN_TYPE = YES_ERROR;
				GCC_WARN_UNDECLARED_SELECTOR = YES;
				GCC_WARN_UNINITIALIZED_AUTOS = YES_AGGRESSIVE;
				GCC_WARN_UNUSED_FUNCTION = YES;
				GCC_WARN_UNUSED_VARIABLE = YES;
				MACOSX_DEPLOYMENT_TARGET = 10.13;
				MTL_ENABLE_DEBUG_INFO = NO;
				SDKROOT = macosx;
			};
			name = Release;
		};
		91BF09EA215A11B30043BFB4 /* Debug */ = {
			isa = XCBuildConfiguration;
			buildSettings = {
				CODE_SIGN_STYLE = Automatic;
				DEVELOPMENT_TEAM = C7UNH8293N;
				PRODUCT_NAME = "$(TARGET_NAME)";
			};
			name = Debug;
		};
		91BF09EB215A11B30043BFB4 /* Release */ = {
			isa = XCBuildConfiguration;
			buildSettings = {
				CODE_SIGN_STYLE = Automatic;
				DEVELOPMENT_TEAM = C7UNH8293N;
				PRODUCT_NAME = "$(TARGET_NAME)";
			};
			name = Release;
		};
/* End XCBuildConfiguration section */

/* Begin XCConfigurationList section */
		91BF09DD215A11B30043BFB4 /* Build configuration list for PBXProject "BlockChain" */ = {
			isa = XCConfigurationList;
			buildConfigurations = (
				91BF09E7215A11B30043BFB4 /* Debug */,
				91BF09E8215A11B30043BFB4 /* Release */,
			);
			defaultConfigurationIsVisible = 0;
			defaultConfigurationName = Release;
		};
		91BF09E9215A11B30043BFB4 /* Build configuration list for PBXNativeTarget "BlockChain" */ = {
			isa = XCConfigurationList;
			buildConfigurations = (
				91BF09EA215A11B30043BFB4 /* Debug */,
				91BF09EB215A11B30043BFB4 /* Release */,
			);
			defaultConfigurationIsVisible = 0;
			defaultConfigurationName = Release;
		};
/* End XCConfigurationList section */
	};
	rootObject = 91BF09DA215A11B30043BFB4 /* Project object */;
}
